PODS:
  - AFNetworking (3.1.0):
    - AFNetworking/NSURLSession (= 3.1.0)
    - AFNetworking/Reachability (= 3.1.0)
    - AFNetworking/Security (= 3.1.0)
    - AFNetworking/Serialization (= 3.1.0)
    - AFNetworking/UIKit (= 3.1.0)
  - AFNetworking/NSURLSession (3.1.0):
    - AFNetworking/Reachability
    - AFNetworking/Security
    - AFNetworking/Serialization
  - AFNetworking/Reachability (3.1.0)
  - AFNetworking/Security (3.1.0)
  - AFNetworking/Serialization (3.1.0)
  - AFNetworking/UIKit (3.1.0):
    - AFNetworking/NSURLSession
  - Clarifai (2.3.2):
    - AFNetworking (~> 3.1)
  - SwiftyCam (2.4.0)

DEPENDENCIES:
  - Clarifai
  - SwiftyCam

SPEC CHECKSUMS:
  AFNetworking: 5e0e199f73d8626b11e79750991f5d173d1f8b67
  Clarifai: 522c9c403bd13914c120cdb0bc7f342ec279eb74
  SwiftyCam: cb83b9a8e181f70fb741d30cea724c6b045a4549

PODFILE CHECKSUM: 8621be62dbf8c202f3995c613848c27776ad7188

COCOAPODS: 1.2.1
